# Generated by pub
# See https://dart.dev/tools/pub/glossary#lockfile
packages:
  animate_do:
    dependency: "direct main"
    description:
      name: animate_do
      sha256: "9aeacc1a7238f971c039bdf45d13c628be554a242e0251c4ddda09d19a1a923f"
      url: "https://pub.dev"
    source: hosted
    version: "3.0.2"
  archive:
    dependency: transitive
    description:
      name: archive
      sha256: "793964beb8e297995714326628881437d4211f10fc8843534bab54129cd896ee"
      url: "https://pub.dev"
    source: hosted
    version: "3.3.1"
  args:
    dependency: transitive
    description:
      name: args
      sha256: b003c3098049a51720352d219b0bb5f219b60fbfb68e7a4748139a06a5676515
      url: "https://pub.dev"
    source: hosted
    version: "2.3.1"
  async:
    dependency: transitive
    description:
      name: async
      sha256: bfe67ef28df125b7dddcea62755991f807aa39a2492a23e1550161692950bbe0
      url: "https://pub.dev"
    source: hosted
    version: "2.10.0"
  barcode:
    dependency: transitive
    description:
      name: barcode
      sha256: "7b6729c37e3b7f34233e2318d866e8c48ddb46c1f7ad01ff7bb2a8de1da2b9f4"
      url: "https://pub.dev"
    source: hosted
    version: "2.2.9"
  bidi:
    dependency: transitive
    description:
      name: bidi
      sha256: "77f475165e94b261745cf1032c751e2032b8ed92ccb2bf5716036db79320637d"
      url: "https://pub.dev"
    source: hosted
    version: "2.0.13"
  bloc:
    dependency: "direct main"
    description:
      name: bloc
      sha256: "318e6cc6803d93b8d2de5f580e452ca565bcaa44f724d5156c71961426b88e03"
      url: "https://pub.dev"
    source: hosted
    version: "8.0.3"
  boolean_selector:
    dependency: transitive
    description:
      name: boolean_selector
      sha256: "6cfb5af12253eaf2b368f07bacc5a80d1301a071c73360d746b7f2e32d762c66"
      url: "https://pub.dev"
    source: hosted
    version: "2.1.1"
  calendar_view:
    dependency: "direct main"
    description:
      name: calendar_view
      sha256: "6ea18afaa94d3d770e6b67c972fd623c0e39c4344b5ec403e62163b10f352296"
      url: "https://pub.dev"
    source: hosted
    version: "0.0.5"
  carousel_slider:
    dependency: "direct main"
    description:
      name: carousel_slider
      sha256: "9c695cc963bf1d04a47bd6021f68befce8970bcd61d24938e1fb0918cf5d9c42"
      url: "https://pub.dev"
    source: hosted
    version: "4.2.1"
  cell_info:
    dependency: "direct main"
    description:
      name: cell_info
      sha256: "20cb4a290634c44b8aa1cd3772f16138b3a8aa9f3aee00cd64b4de96bf4bb9e8"
      url: "https://pub.dev"
    source: hosted
    version: "0.2.9"
  characters:
    dependency: transitive
    description:
      name: characters
      sha256: e6a326c8af69605aec75ed6c187d06b349707a27fbff8222ca9cc2cff167975c
      url: "https://pub.dev"
    source: hosted
    version: "1.2.1"
  clock:
    dependency: transitive
    description:
      name: clock
      sha256: cb6d7f03e1de671e34607e909a7213e31d7752be4fb66a86d29fe1eb14bfb5cf
      url: "https://pub.dev"
    source: hosted
    version: "1.1.1"
  collection:
    dependency: transitive
    description:
      name: collection
      sha256: cfc915e6923fe5ce6e153b0723c753045de46de1b4d63771530504004a45fae0
      url: "https://pub.dev"
    source: hosted
    version: "1.17.0"
  connectivity_plus:
    dependency: "direct main"
    description:
      name: connectivity_plus
      sha256: "8875e8ed511a49f030e313656154e4bbbcef18d68dfd32eb853fac10bce48e96"
      url: "https://pub.dev"
    source: hosted
    version: "3.0.3"
  connectivity_plus_platform_interface:
    dependency: transitive
    description:
      name: connectivity_plus_platform_interface
      sha256: cf1d1c28f4416f8c654d7dc3cd638ec586076255d407cef3ddbdaf178272a71a
      url: "https://pub.dev"
    source: hosted
    version: "1.2.4"
  convex_bottom_bar:
    dependency: "direct main"
    description:
      name: convex_bottom_bar
      sha256: "6c9d23fa309b2cf2cb4804a6318e34694f4714c29fac79621ff88b71266fbe57"
      url: "https://pub.dev"
    source: hosted
    version: "3.1.0+1"
  cross_file:
    dependency: transitive
    description:
      name: cross_file
      sha256: "7632a2bcddc8cef4afde3c6f80e69b29a7060e176f01119c229fe4eb3a2a3d4f"
      url: "https://pub.dev"
    source: hosted
    version: "0.3.3+1"
  crypto:
    dependency: transitive
    description:
      name: crypto
      sha256: aa274aa7774f8964e4f4f38cc994db7b6158dd36e9187aaceaddc994b35c6c67
      url: "https://pub.dev"
    source: hosted
    version: "3.0.2"
  cupertino_icons:
    dependency: "direct main"
    description:
      name: cupertino_icons
      sha256: e35129dc44c9118cee2a5603506d823bab99c68393879edb440e0090d07586be
      url: "https://pub.dev"
    source: hosted
    version: "1.0.5"
  custom_refresh_indicator:
    dependency: "direct main"
    description:
      name: custom_refresh_indicator
      sha256: c34dd1dfb1f6b9ee2db9c5972586dba5e4445d79f8431f6ab098a6e963ccd39c
      url: "https://pub.dev"
    source: hosted
    version: "4.0.1"
  data_table_2:
    dependency: "direct main"
    description:
      name: data_table_2
      sha256: daea1a67128e88b6b5537ee0752c67ecdc2fba9cd9303b3554361c648549618d
      url: "https://pub.dev"
    source: hosted
    version: "2.4.2"
  date_picker_timeline:
    dependency: "direct main"
    description:
      name: date_picker_timeline
      sha256: d92956ddd6eb3070f5637b1514201342e739b6ed1ad830c365d64f9349f4f682
      url: "https://pub.dev"
    source: hosted
    version: "1.2.3"
  dbus:
    dependency: transitive
    description:
      name: dbus
      sha256: "6f07cba3f7b3448d42d015bfd3d53fe12e5b36da2423f23838efc1d5fb31a263"
      url: "https://pub.dev"
    source: hosted
    version: "0.7.8"
  device_info_plus:
    dependency: "direct main"
    description:
      name: device_info_plus
      sha256: b809c4ed5f7fcdb325ccc70b80ad934677dc4e2aa414bf46859a42bfdfafcbb6
      url: "https://pub.dev"
    source: hosted
    version: "4.1.3"
  device_info_plus_linux:
    dependency: transitive
    description:
      name: device_info_plus_linux
      sha256: "77a8b3c4af06bc46507f89304d9f49dfc64b4ae004b994532ed23b34adeae4b3"
      url: "https://pub.dev"
    source: hosted
    version: "3.0.0"
  device_info_plus_macos:
    dependency: transitive
    description:
      name: device_info_plus_macos
      sha256: "37961762fbd46d3620c7b69ca606671014db55fc1b7a11e696fd90ed2e8fe03d"
      url: "https://pub.dev"
    source: hosted
    version: "3.0.0"
  device_info_plus_platform_interface:
    dependency: transitive
    description:
      name: device_info_plus_platform_interface
      sha256: "83fdba24fcf6846d3b10f10dfdc8b6c6d7ada5f8ed21d62ea2909c2dfa043773"
      url: "https://pub.dev"
    source: hosted
    version: "3.0.0"
  device_info_plus_web:
    dependency: transitive
    description:
      name: device_info_plus_web
      sha256: "5890f6094df108181c7a29720bc23d0fd6159f17d82787fac093d1fefcaf6325"
      url: "https://pub.dev"
    source: hosted
    version: "3.0.0"
  device_info_plus_windows:
    dependency: transitive
    description:
      name: device_info_plus_windows
      sha256: "23a2874af0e23ee6e3a2a0ebcecec3a9da13241f2cb93a93a44c8764df123dd7"
      url: "https://pub.dev"
    source: hosted
    version: "4.1.0"
  dio:
    dependency: "direct main"
    description:
      name: dio
      sha256: "7d328c4d898a61efc3cd93655a0955858e29a0aa647f0f9e02d59b3bb275e2e8"
      url: "https://pub.dev"
    source: hosted
    version: "4.0.6"
  dropdown_search:
    dependency: "direct main"
    description:
      name: dropdown_search
      sha256: "55106e8290acaa97ed15bea1fdad82c3cf0c248dd410e651f5a8ac6870f783ab"
      url: "https://pub.dev"
    source: hosted
    version: "5.0.6"
  equatable:
    dependency: "direct main"
    description:
      name: equatable
      sha256: c6094fd1efad3046334a9c40bee022147e55c25401ccd89b94e373e3edadd375
      url: "https://pub.dev"
    source: hosted
    version: "2.0.3"
  expandable:
    dependency: "direct main"
    description:
      name: expandable
      sha256: "9604d612d4d1146dafa96c6d8eec9c2ff0994658d6d09fed720ab788c7f5afc2"
      url: "https://pub.dev"
    source: hosted
    version: "5.0.1"
  fake_async:
    dependency: transitive
    description:
      name: fake_async
      sha256: "511392330127add0b769b75a987850d136345d9227c6b94c96a04cf4a391bf78"
      url: "https://pub.dev"
    source: hosted
    version: "1.3.1"
  ffi:
    dependency: transitive
    description:
      name: ffi
      sha256: a38574032c5f1dd06c4aee541789906c12ccaab8ba01446e800d9c5b79c4a978
      url: "https://pub.dev"
    source: hosted
    version: "2.0.1"
  file:
    dependency: "direct main"
    description:
      name: file
      sha256: "1b92bec4fc2a72f59a8e15af5f52cd441e4a7860b49499d69dfa817af20e925d"
      url: "https://pub.dev"
    source: hosted
    version: "6.1.4"
  flare_dart:
    dependency: transitive
    description:
      name: flare_dart
      sha256: "55a2cfa73b781c9399d515d23ba95821fb08e7aaaef9fc29c5752cc5e7be1fa8"
      url: "https://pub.dev"
    source: hosted
    version: "2.3.4"
  flare_flutter:
    dependency: transitive
    description:
      name: flare_flutter
      sha256: "08929d7fde576b9c319af34f7632815aed7dba30ae1d8c46cec642acec730994"
      url: "https://pub.dev"
    source: hosted
    version: "2.0.6"
  flutter:
    dependency: "direct main"
    description: flutter
    source: sdk
    version: "0.0.0"
  flutter_barcode_scanner:
    dependency: "direct main"
    description:
      name: flutter_barcode_scanner
      sha256: a4ba37daf9933f451a5e812c753ddd045d6354e4a3280342d895b07fecaab3fa
      url: "https://pub.dev"
    source: hosted
    version: "2.0.0"
  flutter_bloc:
    dependency: "direct main"
    description:
      name: flutter_bloc
      sha256: "7b84d9777db3e30a5051c6718331be57e4cfc0c2424be82ac1771392cad7dbe8"
      url: "https://pub.dev"
    source: hosted
    version: "8.0.1"
  flutter_internet_speed_test:
    dependency: "direct main"
    description:
      name: flutter_internet_speed_test
      sha256: "3ff71dd87f6ba607b7c93fec2c49b5a88da9da080a45628bfce15415dfb1fdb4"
      url: "https://pub.dev"
    source: hosted
    version: "1.4.0"
  flutter_lints:
    dependency: "direct main"
    description:
      name: flutter_lints
      sha256: b543301ad291598523947dc534aaddc5aaad597b709d2426d3a0e0d44c5cb493
      url: "https://pub.dev"
    source: hosted
    version: "1.0.4"
  flutter_local_notifications:
    dependency: "direct main"
    description:
      name: flutter_local_notifications
      sha256: "293995f94e120c8afce768981bd1fa9c5d6de67c547568e3b42ae2defdcbb4a0"
      url: "https://pub.dev"
    source: hosted
    version: "13.0.0"
  flutter_local_notifications_linux:
    dependency: transitive
    description:
      name: flutter_local_notifications_linux
      sha256: ccb08b93703aeedb58856e5637450bf3ffec899adb66dc325630b68994734b89
      url: "https://pub.dev"
    source: hosted
    version: "3.0.0+1"
  flutter_local_notifications_platform_interface:
    dependency: transitive
    description:
      name: flutter_local_notifications_platform_interface
      sha256: "5ec1feac5f7f7d9266759488bc5f76416152baba9aa1b26fe572246caa00d1ab"
      url: "https://pub.dev"
    source: hosted
    version: "6.0.0"
  flutter_phone_direct_caller:
    dependency: "direct main"
    description:
      name: flutter_phone_direct_caller
      sha256: "8f166b12391572ce5872feeac3f4b47f455ee314ef221d98ba160c296ae2fad3"
      url: "https://pub.dev"
    source: hosted
    version: "2.2.1"
  flutter_plugin_android_lifecycle:
    dependency: transitive
    description:
      name: flutter_plugin_android_lifecycle
      sha256: "6ffe524cd6a7d49d99b2bf979a4f6ad82304c639cea4c8d3d0f8cf1aff24e74a"
      url: "https://pub.dev"
    source: hosted
    version: "2.0.6"
  flutter_secure_storage:
    dependency: "direct main"
    description:
      name: flutter_secure_storage
      sha256: "1b7c2f80ee41861543bc63fee56122a114129c15234731312418ca1eda7d3d7f"
      url: "https://pub.dev"
    source: hosted
    version: "5.0.2"
  flutter_secure_storage_linux:
    dependency: transitive
    description:
      name: flutter_secure_storage_linux
      sha256: c6e57a7c000a95e58b4282500cf88df61c57c3b199a390b4f6b458abc40aba0a
      url: "https://pub.dev"
    source: hosted
    version: "1.1.0"
  flutter_secure_storage_macos:
    dependency: transitive
    description:
      name: flutter_secure_storage_macos
      sha256: e3c29bf81b8179477d662a9c7c15ea4402876a1eafcb02407227d46bbb86cd20
      url: "https://pub.dev"
    source: hosted
    version: "1.1.0"
  flutter_secure_storage_platform_interface:
    dependency: transitive
    description:
      name: flutter_secure_storage_platform_interface
      sha256: "9af003dec5ba9f959300fd76ac8adf5608fbfbc957cdd7a987af206a8e073b32"
      url: "https://pub.dev"
    source: hosted
    version: "1.0.0"
  flutter_secure_storage_web:
    dependency: transitive
    description:
      name: flutter_secure_storage_web
      sha256: "926716d84eb45220cb1783af629093301613f5e5b51da7c1813e430d69bd716f"
      url: "https://pub.dev"
    source: hosted
    version: "1.0.2"
  flutter_secure_storage_windows:
    dependency: transitive
    description:
      name: flutter_secure_storage_windows
      sha256: cf9fd49c2807f80dc01f449592e1e7971a3697d1e248b653efb8323536dc2961
      url: "https://pub.dev"
    source: hosted
    version: "1.1.2"
  flutter_staggered_animations:
    dependency: "direct main"
    description:
      name: flutter_staggered_animations
      sha256: "32ea23c17d655d72f7cf94c87f847a79963cbfc34570456aa7ca44e59d9129d5"
      url: "https://pub.dev"
    source: hosted
    version: "1.0.0"
  flutter_svg:
    dependency: "direct main"
    description:
      name: flutter_svg
      sha256: "6ff9fa12892ae074092de2fa6a9938fb21dbabfdaa2ff57dc697ff912fc8d4b2"
      url: "https://pub.dev"
    source: hosted
    version: "1.1.6"
  flutter_test:
    dependency: "direct dev"
    description: flutter
    source: sdk
    version: "0.0.0"
  flutter_web_plugins:
    dependency: transitive
    description: flutter
    source: sdk
    version: "0.0.0"
  font_awesome_flutter:
    dependency: "direct main"
    description:
      name: font_awesome_flutter
      sha256: "959ef4add147753f990b4a7c6cccb746d5792dbdc81b1cde99e62e7edb31b206"
      url: "https://pub.dev"
    source: hosted
    version: "10.4.0"
  form_field_validator:
    dependency: "direct main"
    description:
      name: form_field_validator
      sha256: c1fc6c89b5525288c02fe989a88c6f30bb6072da4f9dded17a04cf68c4abfb87
      url: "https://pub.dev"
    source: hosted
    version: "1.1.0"
  freezed_annotation:
    dependency: transitive
    description:
      name: freezed_annotation
      sha256: "625eb228fd9f00f952b7cd245be34791434fad48375f74e46f97dea4b4e11678"
      url: "https://pub.dev"
    source: hosted
    version: "2.1.0"
  geolocator:
    dependency: "direct main"
    description:
      name: geolocator
      sha256: "5c496b46e245d006760e643cedde7c9fa785a34391b5eca857a46358f9bde02b"
      url: "https://pub.dev"
    source: hosted
    version: "8.2.1"
  geolocator_android:
    dependency: transitive
    description:
      name: geolocator_android
      sha256: fb3ed126bb26d6f3a2a16676e7f2073d6093822eed8775b3837783c3646ea1d6
      url: "https://pub.dev"
    source: hosted
    version: "3.1.8"
  geolocator_apple:
    dependency: transitive
    description:
      name: geolocator_apple
      sha256: cb700c8baa28ff09f9ef1ca4f9493f50f50b1024600fd4de50ba2ddde36466ef
      url: "https://pub.dev"
    source: hosted
    version: "2.1.4"
  geolocator_platform_interface:
    dependency: transitive
    description:
      name: geolocator_platform_interface
      sha256: c228ba4348bfe59e76b87a0612074eaf308103a8d9c2d7bfe19827d8ee25f43d
      url: "https://pub.dev"
    source: hosted
    version: "4.0.5"
  geolocator_web:
    dependency: transitive
    description:
      name: geolocator_web
      sha256: "4a7b473a501c6e28c44373cbffda6ef37e447f3300c0d4d229de1246dc4491ef"
      url: "https://pub.dev"
    source: hosted
    version: "2.1.5"
  geolocator_windows:
    dependency: transitive
    description:
      name: geolocator_windows
      sha256: f5911c88e23f48b598dd506c7c19eff0e001645bdc03bb6fecb9f4549208354d
      url: "https://pub.dev"
    source: hosted
    version: "0.1.1"
  google_fonts:
    dependency: "direct main"
    description:
      name: google_fonts
      sha256: "8f099045e2f2a30e4d4d0a35f40c6bc941a8f2ca0e10ad9d214ee9edd3f37483"
      url: "https://pub.dev"
    source: hosted
    version: "3.0.1"
  google_maps_cluster_manager:
    dependency: "direct main"
    description:
      name: google_maps_cluster_manager
      sha256: "77c4991088f74287d9e507862598962a227f030687818fb796dad9ee71490f8e"
      url: "https://pub.dev"
    source: hosted
    version: "3.0.0+1"
  google_maps_flutter:
    dependency: "direct main"
    description:
      name: google_maps_flutter
      sha256: "0a7e0bd1dfe594bc86892d2e69062e3f80b267e378042d82e6b87a8efc798013"
      url: "https://pub.dev"
    source: hosted
    version: "2.2.6"
  google_maps_flutter_android:
    dependency: transitive
    description:
      name: google_maps_flutter_android
      sha256: "7829c13b90edb8b31861bf496616cf8582618f617951d16cb1e191699c586dfc"
      url: "https://pub.dev"
    source: hosted
    version: "2.4.7"
  google_maps_flutter_ios:
    dependency: transitive
    description:
      name: google_maps_flutter_ios
      sha256: "3a69e04df77afb60587b5270baf43dc51f1c254c79f69ddf1d9546f758d9f709"
      url: "https://pub.dev"
    source: hosted
    version: "2.2.0"
  google_maps_flutter_platform_interface:
    dependency: transitive
    description:
      name: google_maps_flutter_platform_interface
      sha256: a07811d2b82055815ede75e1fe4b7b76f71a0b4820b26f71bdaddd157d6a3e20
      url: "https://pub.dev"
    source: hosted
    version: "2.2.6"
  google_polyline_algorithm:
    dependency: "direct main"
    description:
      name: google_polyline_algorithm
      sha256: "357874f00d3f93c3ba1bf4b4d9a154aa9ee87147c068238c1e8392012b686a03"
      url: "https://pub.dev"
    source: hosted
    version: "3.1.0"
  http:
    dependency: "direct main"
    description:
      name: http
      sha256: "6aa2946395183537c8b880962d935877325d6a09a2867c3970c05c0fed6ac482"
      url: "https://pub.dev"
    source: hosted
    version: "0.13.5"
  http_parser:
    dependency: transitive
    description:
      name: http_parser
      sha256: db3060f22889f3d9d55f6a217565486737037eec3609f7f3eca4d0c67ee0d8a0
      url: "https://pub.dev"
    source: hosted
    version: "4.0.1"
  huawei_map:
    dependency: "direct main"
    description:
      name: huawei_map
      sha256: "1d62df2140aa904140776baf1170d0de45a4f1fd87be57536871a80f3e160d72"
      url: "https://pub.dev"
    source: hosted
    version: "6.11.2+301"
  image:
    dependency: transitive
    description:
      name: image
      sha256: a72242c9a0ffb65d03de1b7113bc4e189686fc07c7147b8b41811d0dd0e0d9bf
      url: "https://pub.dev"
    source: hosted
    version: "4.0.17"
  image_picker:
    dependency: transitive
    description:
      name: image_picker
      sha256: f3712cd190227fb92e0960cb0ce22928ba042c7183b16864ade83b259adf8ea6
      url: "https://pub.dev"
    source: hosted
    version: "0.8.5+3"
  image_picker_android:
    dependency: transitive
    description:
      name: image_picker_android
      sha256: "2d4c2634731ced2debc2a36273351dd1cb68080d505c12c472b0dc0657cd853c"
      url: "https://pub.dev"
    source: hosted
    version: "0.8.5+1"
  image_picker_for_web:
    dependency: transitive
    description:
      name: image_picker_for_web
      sha256: "60f306ffbdcada4bc8b2691acc420258a1b758e102c87c4f94fb568d640f0e0e"
      url: "https://pub.dev"
    source: hosted
    version: "2.1.8"
  image_picker_ios:
    dependency: transitive
    description:
      name: image_picker_ios
      sha256: aee8b90c2fb018e18cbb437da661d0531a5346d49cab2d5c4a65ebaf026bbd33
      url: "https://pub.dev"
    source: hosted
    version: "0.8.5+6"
  image_picker_platform_interface:
    dependency: transitive
    description:
      name: image_picker_platform_interface
      sha256: f714c25808cad8abf41defb6215e1b33c9af462d592c93870560152952badb93
      url: "https://pub.dev"
    source: hosted
    version: "2.6.0"
  intl:
    dependency: "direct main"
    description:
      name: intl
      sha256: "910f85bce16fb5c6f614e117efa303e85a1731bb0081edf3604a2ae6e9a3cc91"
      url: "https://pub.dev"
    source: hosted
    version: "0.17.0"
  js:
    dependency: transitive
    description:
      name: js
      sha256: "5528c2f391ededb7775ec1daa69e65a2d61276f7552de2b5f7b8d34ee9fd4ab7"
      url: "https://pub.dev"
    source: hosted
    version: "0.6.5"
  json_annotation:
    dependency: transitive
    description:
      name: json_annotation
      sha256: cb314f00b2488de7bc575207e54402cd2f92363f333a7933fd1b0631af226baa
      url: "https://pub.dev"
    source: hosted
    version: "4.6.0"
  lints:
    dependency: transitive
    description:
      name: lints
      sha256: a2c3d198cb5ea2e179926622d433331d8b58374ab8f29cdda6e863bd62fd369c
      url: "https://pub.dev"
    source: hosted
    version: "1.0.1"
  logger:
    dependency: transitive
    description:
      name: logger
      sha256: db2ff852ed77090ba9f62d3611e4208a3d11dfa35991a81ae724c113fcb3e3f7
      url: "https://pub.dev"
    source: hosted
    version: "1.3.0"
  lottie:
    dependency: "direct main"
    description:
      name: lottie
      sha256: "6869326677a21771a8406bb5dd31cb0ab31d8f30fe5397d14c430f1438c9f1bb"
      url: "https://pub.dev"
    source: hosted
    version: "1.4.1"
  maps_launcher:
    dependency: "direct main"
    description:
      name: maps_launcher
      sha256: "22a801c2ca1715de34c552dbd6746dbabb50d448f1cbe8f79c1a3fc63473dfee"
      url: "https://pub.dev"
    source: hosted
    version: "2.2.0"
  matcher:
    dependency: transitive
    description:
      name: matcher
      sha256: "16db949ceee371e9b99d22f88fa3a73c4e59fd0afed0bd25fc336eb76c198b72"
      url: "https://pub.dev"
    source: hosted
    version: "0.12.13"
  material_color_utilities:
    dependency: transitive
    description:
      name: material_color_utilities
      sha256: d92141dc6fe1dad30722f9aa826c7fbc896d021d792f80678280601aff8cf724
      url: "https://pub.dev"
    source: hosted
    version: "0.2.0"
  meta:
    dependency: transitive
    description:
      name: meta
      sha256: "6c268b42ed578a53088d834796959e4a1814b5e9e164f147f580a386e5decf42"
      url: "https://pub.dev"
    source: hosted
    version: "1.8.0"
  nested:
    dependency: transitive
    description:
      name: nested
      sha256: "03bac4c528c64c95c722ec99280375a6f2fc708eec17c7b3f07253b626cd2a20"
      url: "https://pub.dev"
    source: hosted
    version: "1.0.0"
  nm:
    dependency: transitive
    description:
      name: nm
      sha256: "2c9aae4127bdc8993206464fcc063611e0e36e72018696cd9631023a31b24254"
      url: "https://pub.dev"
    source: hosted
    version: "0.5.0"
  onesignal_flutter:
    dependency: "direct main"
    description:
      name: onesignal_flutter
      sha256: "29d2ac76d9e4821d98d754f3785db99d4dbfd69f96f7997a387582bef9d0daa5"
      url: "https://pub.dev"
    source: hosted
    version: "3.5.3"
  package_info_plus:
    dependency: "direct main"
    description:
      name: package_info_plus
      sha256: "10259b111176fba5c505b102e3a5b022b51dd97e30522e906d6922c745584745"
      url: "https://pub.dev"
    source: hosted
    version: "3.1.2"
  package_info_plus_platform_interface:
    dependency: transitive
    description:
      name: package_info_plus_platform_interface
      sha256: "9bc8ba46813a4cc42c66ab781470711781940780fd8beddd0c3da62506d3a6c6"
      url: "https://pub.dev"
    source: hosted
    version: "2.0.1"
  path:
    dependency: "direct main"
    description:
      name: path
      sha256: db9d4f58c908a4ba5953fcee2ae317c94889433e5024c27ce74a37f94267945b
      url: "https://pub.dev"
    source: hosted
    version: "1.8.2"
  path_drawing:
    dependency: transitive
    description:
      name: path_drawing
      sha256: bbb1934c0cbb03091af082a6389ca2080345291ef07a5fa6d6e078ba8682f977
      url: "https://pub.dev"
    source: hosted
    version: "1.0.1"
  path_parsing:
    dependency: transitive
    description:
      name: path_parsing
      sha256: e3e67b1629e6f7e8100b367d3db6ba6af4b1f0bb80f64db18ef1fbabd2fa9ccf
      url: "https://pub.dev"
    source: hosted
    version: "1.0.1"
  path_provider:
    dependency: transitive
    description:
      name: path_provider
      sha256: "050e8e85e4b7fecdf2bb3682c1c64c4887a183720c802d323de8a5fd76d372dd"
      url: "https://pub.dev"
    source: hosted
    version: "2.0.11"
  path_provider_android:
    dependency: transitive
    description:
      name: path_provider_android
      sha256: dfaa152e93c3a6fec632482928c770b2156dfb873582e99fbd6ac3b3de651d4c
      url: "https://pub.dev"
    source: hosted
    version: "2.0.14"
  path_provider_ios:
    dependency: transitive
    description:
      name: path_provider_ios
      sha256: "060ca9249d85bda6ee4ea2ecb3f4698a32f73183e0dee4f469bee8e146eadc1f"
      url: "https://pub.dev"
    source: hosted
    version: "2.0.9"
  path_provider_linux:
    dependency: transitive
    description:
      name: path_provider_linux
      sha256: ab0987bf95bc591da42dffb38c77398fc43309f0b9b894dcc5d6f40c4b26c379
      url: "https://pub.dev"
    source: hosted
    version: "2.1.7"
  path_provider_macos:
    dependency: transitive
    description:
      name: path_provider_macos
      sha256: "2a97e7fbb7ae9dcd0dfc1220a78e9ec3e71da691912e617e8715ff2a13086ae8"
      url: "https://pub.dev"
    source: hosted
    version: "2.0.6"
  path_provider_platform_interface:
    dependency: transitive
    description:
      name: path_provider_platform_interface
      sha256: "27dc7a224fcd07444cb5e0e60423ccacea3e13cf00fc5282ac2c918132da931d"
      url: "https://pub.dev"
    source: hosted
    version: "2.0.4"
  path_provider_windows:
    dependency: transitive
    description:
      name: path_provider_windows
      sha256: f53720498d5a543f9607db4b0e997c4b5438884de25b0f73098cc2671a51b130
      url: "https://pub.dev"
    source: hosted
    version: "2.1.5"
  pdf:
    dependency: "direct main"
    description:
      name: pdf
      sha256: "586d3debf5432e5377044754032cfa53ab45e9abf371d4865e9ad5019570e246"
      url: "https://pub.dev"
    source: hosted
    version: "3.10.1"
  pdf_widget_wrapper:
    dependency: transitive
    description:
      name: pdf_widget_wrapper
      sha256: "754867bf32c4683da29ccc6bf31250905431fb0818a7258c153e21cd627b3212"
      url: "https://pub.dev"
    source: hosted
    version: "1.0.0"
  percent_indicator:
    dependency: "direct main"
    description:
      name: percent_indicator
      sha256: cec41f67181fbd5322aa68b355621d1a4eea827426b8eeb613f6cbe195ff7b4a
      url: "https://pub.dev"
    source: hosted
    version: "4.2.2"
  permission_handler:
    dependency: "direct main"
    description:
      name: permission_handler
      sha256: "5749ebeb7ec0c3865ea17e3eb337174b87747be816dab582c551e1aff6f6bbf3"
      url: "https://pub.dev"
    source: hosted
    version: "9.2.0"
  permission_handler_android:
    dependency: transitive
    description:
      name: permission_handler_android
      sha256: a512e0fa8abcb0659d938ec2df93a70eb1df1fdea5fdc6d79a866bfd858a28fc
      url: "https://pub.dev"
    source: hosted
    version: "9.0.2+1"
  permission_handler_apple:
    dependency: transitive
    description:
      name: permission_handler_apple
      sha256: "6367799be76d1fe70ffe2df7f025abfe28818b450f550621778995badbebf519"
      url: "https://pub.dev"
    source: hosted
    version: "9.0.4"
  permission_handler_platform_interface:
    dependency: transitive
    description:
      name: permission_handler_platform_interface
      sha256: ca16451bfdc6d26693d10b37b2d81370bdf3f0318422f3eecfd6004f5bd7d21f
      url: "https://pub.dev"
    source: hosted
    version: "3.7.0"
  permission_handler_windows:
    dependency: transitive
    description:
      name: permission_handler_windows
      sha256: "40ad5ab4d3c65d75c7f3a069065c77503aae19a1cf01ba246d43489e14f1b90c"
      url: "https://pub.dev"
    source: hosted
    version: "0.1.0"
  petitparser:
    dependency: transitive
    description:
      name: petitparser
      sha256: "49392a45ced973e8d94a85fdb21293fbb40ba805fc49f2965101ae748a3683b4"
      url: "https://pub.dev"
    source: hosted
    version: "5.1.0"
  platform:
    dependency: transitive
    description:
      name: platform
      sha256: "4a451831508d7d6ca779f7ac6e212b4023dd5a7d08a27a63da33756410e32b76"
      url: "https://pub.dev"
    source: hosted
    version: "3.1.0"
  plugin_platform_interface:
    dependency: transitive
    description:
      name: plugin_platform_interface
      sha256: "6a2128648c854906c53fa8e33986fc0247a1116122f9534dd20e3ab9e16a32bc"
      url: "https://pub.dev"
    source: hosted
    version: "2.1.4"
  printing:
    dependency: "direct main"
    description:
      name: printing
      sha256: "6aa86779d51f1c60608defee7b231e1133ab9b00f63b3b71abfa85cb39898571"
      url: "https://pub.dev"
    source: hosted
    version: "5.10.4"
  process:
    dependency: transitive
    description:
      name: process
      sha256: "53fd8db9cec1d37b0574e12f07520d582019cb6c44abf5479a01505099a34a09"
      url: "https://pub.dev"
    source: hosted
    version: "4.2.4"
  provider:
    dependency: transitive
    description:
      name: provider
      sha256: "8d7d4c2df46d6a6270a4e10404bfecb18a937e3e00f710c260d0a10415ce6b7b"
      url: "https://pub.dev"
    source: hosted
    version: "6.0.3"
  qr:
    dependency: transitive
    description:
      name: qr
      sha256: "64957a3930367bf97cc211a5af99551d630f2f4625e38af10edd6b19131b64b3"
      url: "https://pub.dev"
    source: hosted
    version: "3.0.1"
  reactive_date_range_picker:
    dependency: "direct main"
    description:
      name: reactive_date_range_picker
      sha256: "9873245990c51ec8168d55391d1a7924fb0cc6dee1be56afdb05cd768af818d1"
      url: "https://pub.dev"
    source: hosted
    version: "0.5.0"
  reactive_date_time_picker:
    dependency: "direct main"
    description:
      name: reactive_date_time_picker
      sha256: "0074c8fdc5be3fd54de89b2c866f952295800d0dac21c7afd7db69fb507e5616"
      url: "https://pub.dev"
    source: hosted
    version: "0.5.0"
  reactive_forms:
    dependency: "direct main"
    description:
      name: reactive_forms
      sha256: a6dc324c7f69d278163ecefa7d30a7f8af4e0854d4d8d1bdaae1f6baede358af
      url: "https://pub.dev"
    source: hosted
    version: "14.1.0"
  reactive_image_picker:
    dependency: "direct main"
    description:
      name: reactive_image_picker
      sha256: "6105819b3ba615f0373ebb4db8eb54e89552405610d2fa646f03c19a8959974c"
      url: "https://pub.dev"
    source: hosted
    version: "0.11.0"
  reactive_range_slider:
    dependency: "direct main"
    description:
      name: reactive_range_slider
      sha256: ff62e1211691e9447bad2d833b9704526cbe104b687e2fbbf8e0b9f584a771b2
      url: "https://pub.dev"
    source: hosted
    version: "0.5.0"
  scaffold_gradient_background:
    dependency: "direct main"
    description:
      name: scaffold_gradient_background
      sha256: "904ee5ef0ea69e980cc4c7645418a0cd5ef94732c409f5ac114f74f51b4dd0a7"
      url: "https://pub.dev"
    source: hosted
    version: "1.0.3+1"
  shared_preferences:
    dependency: "direct main"
    description:
      name: shared_preferences
      sha256: "76917b7d4b9526b2ba416808a7eb9fb2863c1a09cf63ec85f1453da240fa818a"
      url: "https://pub.dev"
    source: hosted
    version: "2.0.15"
  shared_preferences_android:
    dependency: transitive
    description:
      name: shared_preferences_android
      sha256: "853801ce6ba7429ec4e923e37317f32a57c903de50b8c33ffcfbdb7e6f0dd39c"
      url: "https://pub.dev"
    source: hosted
    version: "2.0.12"
  shared_preferences_ios:
    dependency: transitive
    description:
      name: shared_preferences_ios
      sha256: "585a14cefec7da8c9c2fb8cd283a3bb726b4155c0952afe6a0caaa7b2272de34"
      url: "https://pub.dev"
    source: hosted
    version: "2.1.1"
  shared_preferences_linux:
    dependency: transitive
    description:
      name: shared_preferences_linux
      sha256: "28aefc1261746e7bad3d09799496054beb84e8c4ffcdfed7734e17b4ada459a5"
      url: "https://pub.dev"
    source: hosted
    version: "2.1.1"
  shared_preferences_macos:
    dependency: transitive
    description:
      name: shared_preferences_macos
      sha256: fbb94bf296576f49be37a1496d5951796211a8db0aa22cc0d68c46440dad808c
      url: "https://pub.dev"
    source: hosted
    version: "2.0.4"
  shared_preferences_platform_interface:
    dependency: transitive
    description:
      name: shared_preferences_platform_interface
      sha256: "992f0fdc46d0a3c0ac2e5859f2de0e577bbe51f78a77ee8f357cbe626a2ad32d"
      url: "https://pub.dev"
    source: hosted
    version: "2.0.0"
  shared_preferences_web:
    dependency: transitive
    description:
      name: shared_preferences_web
      sha256: a4b5bc37fe1b368bbc81f953197d55e12f49d0296e7e412dfe2d2d77d6929958
      url: "https://pub.dev"
    source: hosted
    version: "2.0.4"
  shared_preferences_windows:
    dependency: transitive
    description:
      name: shared_preferences_windows
      sha256: "97f7ab9a7da96d9cf19581f5de520ceb529548498bd6b5e0ccd02d68a0d15eba"
      url: "https://pub.dev"
    source: hosted
    version: "2.1.1"
  simple_connection_checker:
    dependency: "direct main"
    description:
      name: simple_connection_checker
      sha256: ed86006d7b2f96788f1197a35cd8d925c86f7b2c96f508ca446ad129a734a366
      url: "https://pub.dev"
    source: hosted
    version: "0.2.1"
  skeleton_text:
    dependency: "direct main"
    description:
      name: skeleton_text
      sha256: "6e088723b97ddcccfcce45312ce5e385ed1e5139a57afdf574f753d51eaa77f1"
      url: "https://pub.dev"
    source: hosted
    version: "3.0.0"
  sky_engine:
    dependency: transitive
    description: flutter
    source: sdk
    version: "0.0.99"
  sliding_clipped_nav_bar:
    dependency: "direct main"
    description:
      name: sliding_clipped_nav_bar
      sha256: "5c5bdffe9cd1fd472c362c88fde180a2432bda25946f892b2f4e72427030e059"
      url: "https://pub.dev"
    source: hosted
    version: "3.1.0+2"
  smooth_page_indicator:
    dependency: "direct main"
    description:
      name: smooth_page_indicator
      sha256: "49e9b6a265790454c39bd4a447a02f398c02b44b2602e7c5e3a381dc2e3b4102"
      url: "https://pub.dev"
    source: hosted
    version: "1.0.0+2"
  source_span:
    dependency: transitive
    description:
      name: source_span
      sha256: dd904f795d4b4f3b870833847c461801f6750a9fa8e61ea5ac53f9422b31f250
      url: "https://pub.dev"
    source: hosted
    version: "1.9.1"
  speed_dial_fab:
    dependency: "direct main"
    description:
      name: speed_dial_fab
      sha256: "466ab01825a4e8167e44d57674f4efe4a2364b2d01982e3d02dd0210b9107f9b"
      url: "https://pub.dev"
    source: hosted
    version: "2.3.0"
  sqflite:
    dependency: "direct main"
    description:
      name: sqflite
      sha256: b4d6710e1200e96845747e37338ea8a819a12b51689a3bcf31eff0003b37a0b9
      url: "https://pub.dev"
    source: hosted
    version: "2.2.8+4"
  sqflite_common:
    dependency: transitive
    description:
      name: sqflite_common
      sha256: "8f7603f3f8f126740bc55c4ca2d1027aab4b74a1267a3e31ce51fe40e3b65b8f"
      url: "https://pub.dev"
    source: hosted
    version: "2.4.5+1"
  stack_trace:
    dependency: transitive
    description:
      name: stack_trace
      sha256: c3c7d8edb15bee7f0f74debd4b9c5f3c2ea86766fe4178eb2a18eb30a0bdaed5
      url: "https://pub.dev"
    source: hosted
    version: "1.11.0"
  stream_channel:
    dependency: transitive
    description:
      name: stream_channel
      sha256: "83615bee9045c1d322bbbd1ba209b7a749c2cbcdcb3fdd1df8eb488b3279c1c8"
      url: "https://pub.dev"
    source: hosted
    version: "2.1.1"
  stream_transform:
    dependency: transitive
    description:
      name: stream_transform
      sha256: ed464977cb26a1f41537e177e190c67223dbd9f4f683489b6ab2e5d211ec564e
      url: "https://pub.dev"
    source: hosted
    version: "2.0.0"
  string_scanner:
    dependency: transitive
    description:
      name: string_scanner
      sha256: "556692adab6cfa87322a115640c11f13cb77b3f076ddcc5d6ae3c20242bedcde"
      url: "https://pub.dev"
    source: hosted
    version: "1.2.0"
  syncfusion_flutter_core:
    dependency: transitive
    description:
      name: syncfusion_flutter_core
      sha256: f23067e46b781d488abf8e22e5608ca9972b49562e95f9e46cb6134e968f721b
      url: "https://pub.dev"
    source: hosted
    version: "21.1.37"
  syncfusion_flutter_gauges:
    dependency: "direct main"
    description:
      name: syncfusion_flutter_gauges
      sha256: "49e1a0be69b4a1a86435d8a80155b62a5dd107d16436e8d99d44238a08c60460"
      url: "https://pub.dev"
    source: hosted
    version: "21.1.37"
  synchronized:
    dependency: transitive
    description:
      name: synchronized
      sha256: a7f0790927c0806ae0d5eb061c713748fa6070ef0037e391a2d53c3844c09dc2
      url: "https://pub.dev"
    source: hosted
    version: "3.0.0+2"
  telephony:
    dependency: "direct main"
    description:
      name: telephony
      sha256: "821e074acec3c611e48edadd50a6d9fef864943771a545da7924adcc8509ada9"
      url: "https://pub.dev"
    source: hosted
    version: "0.2.0"
  term_glyph:
    dependency: transitive
    description:
      name: term_glyph
      sha256: a29248a84fbb7c79282b40b8c72a1209db169a2e0542bce341da992fe1bc7e84
      url: "https://pub.dev"
    source: hosted
    version: "1.2.1"
  test_api:
    dependency: transitive
    description:
      name: test_api
      sha256: ad540f65f92caa91bf21dfc8ffb8c589d6e4dc0c2267818b4cc2792857706206
      url: "https://pub.dev"
    source: hosted
    version: "0.4.16"
  timezone:
    dependency: transitive
    description:
      name: timezone
      sha256: "24c8fcdd49a805d95777a39064862133ff816ebfffe0ceff110fb5960e557964"
      url: "https://pub.dev"
    source: hosted
    version: "0.9.1"
  tuple_dart:
    dependency: transitive
    description:
      name: tuple_dart
      sha256: "0db473430e680e43111ae7d0cf4e1c222f0dc20350378c845b70c4daa4195708"
      url: "https://pub.dev"
    source: hosted
    version: "1.4.2"
  typed_data:
    dependency: transitive
    description:
      name: typed_data
      sha256: "53bdf7e979cfbf3e28987552fd72f637e63f3c8724c9e56d9246942dc2fa36ee"
      url: "https://pub.dev"
    source: hosted
    version: "1.3.0"
  url_launcher:
    dependency: "direct main"
    description:
      name: url_launcher
      sha256: eb1e00ab44303d50dd487aab67ebc575456c146c6af44422f9c13889984c00f3
      url: "https://pub.dev"
    source: hosted
    version: "6.1.11"
  url_launcher_android:
    dependency: transitive
    description:
      name: url_launcher_android
      sha256: dd729390aa936bf1bdf5cd1bc7468ff340263f80a2c4f569416507667de8e3c8
      url: "https://pub.dev"
    source: hosted
    version: "6.0.26"
  url_launcher_ios:
    dependency: transitive
    description:
      name: url_launcher_ios
      sha256: "3dedc66ca3c0bef9e6a93c0999aee102556a450afcc1b7bcfeace7a424927d92"
      url: "https://pub.dev"
    source: hosted
    version: "6.1.3"
  url_launcher_linux:
    dependency: transitive
    description:
      name: url_launcher_linux
      sha256: "206fb8334a700ef7754d6a9ed119e7349bc830448098f21a69bf1b4ed038cabc"
      url: "https://pub.dev"
    source: hosted
    version: "3.0.4"
  url_launcher_macos:
    dependency: transitive
    description:
      name: url_launcher_macos
      sha256: "0ef2b4f97942a16523e51256b799e9aa1843da6c60c55eefbfa9dbc2dcb8331a"
      url: "https://pub.dev"
    source: hosted
    version: "3.0.4"
  url_launcher_platform_interface:
    dependency: transitive
    description:
      name: url_launcher_platform_interface
      sha256: "6c9ca697a5ae218ce56cece69d46128169a58aa8653c1b01d26fcd4aad8c4370"
      url: "https://pub.dev"
    source: hosted
    version: "2.1.2"
  url_launcher_web:
    dependency: transitive
    description:
      name: url_launcher_web
      sha256: "81fe91b6c4f84f222d186a9d23c73157dc4c8e1c71489c4d08be1ad3b228f1aa"
      url: "https://pub.dev"
    source: hosted
    version: "2.0.16"
  url_launcher_windows:
    dependency: transitive
    description:
      name: url_launcher_windows
      sha256: a83ba3607a507758669cfafb03f9de09bf6e6280c14d9b9cb18f013e406dcacd
      url: "https://pub.dev"
    source: hosted
    version: "3.0.5"
  vector_math:
    dependency: transitive
    description:
      name: vector_math
      sha256: "80b3257d1492ce4d091729e3a67a60407d227c27241d6927be0130c98e741803"
      url: "https://pub.dev"
    source: hosted
    version: "2.1.4"
  win32:
    dependency: transitive
    description:
      name: win32
      sha256: c9ebe7ee4ab0c2194e65d3a07d8c54c5d00bb001b76081c4a04cdb8448b59e46
      url: "https://pub.dev"
    source: hosted
    version: "3.1.3"
  workmanager:
    dependency: "direct main"
    description:
      name: workmanager
      sha256: e0be7e35d644643f164ee45d2ce14414f0e0fdde19456aa66065f35a0b1d2ea1
      url: "https://pub.dev"
    source: hosted
    version: "0.5.1"
  xdg_directories:
    dependency: transitive
    description:
      name: xdg_directories
      sha256: "060b6e1c891d956f72b5ac9463466c37cce3fa962a921532fc001e86fe93438e"
      url: "https://pub.dev"
    source: hosted
    version: "0.2.0+1"
  xml:
    dependency: transitive
    description:
      name: xml
      sha256: ac0e3f4bf00ba2708c33fbabbbe766300e509f8c82dbd4ab6525039813f7e2fb
      url: "https://pub.dev"
    source: hosted
    version: "6.1.0"
sdks:
  dart: ">=2.18.0 <3.0.0"
  flutter: ">=3.7.0"
